
Microsoft Visual Studio Solution File, Format Version 12.00
# Visual Studio Version 16
VisualStudioVersion = 16.0.29306.81
MinimumVisualStudioVersion = 10.0.40219.1
Project("{9A19103F-16F7-4668-BE54-9A1E7A4F7556}") = "OpenHardwareMonitorLib", "OpenHardwareMonitorLib.csproj", "{B0397530-545A-471D-BB74-027AE456DF1A}"
EndProject
Project("{FAE04EC0-301F-11D3-BF4B-00C04F79EFBC}") = "LibreHardwareMonitor", "LibreHardwareMonitor.csproj", "{F5E0C1F7-9E9B-46F2-AC88-8C9C1C923880}"
	ProjectSection(ProjectDependencies) = postProject
		{B0397530-545A-471D-BB74-027AE456DF1A} = {B0397530-545A-471D-BB74-027AE456DF1A}
	EndProjectSection
EndProject
Project("{FAE04EC0-301F-11D3-BF4B-00C04F79EFBC}") = "Aga.Controls", "External\Aga.Controls\Aga.Controls.csproj", "{E73BB233-D88B-44A7-A98F-D71EE158381D}"
EndProject
Project("{FAE04EC0-301F-11D3-BF4B-00C04F79EFBC}") = "OxyPlot", "External\OxyPlot\OxyPlot\OxyPlot.csproj", "{BCC43E58-E473-403E-A84D-63FEDC723040}"
EndProject
Project("{FAE04EC0-301F-11D3-BF4B-00C04F79EFBC}") = "OxyPlot.WindowsForms", "External\OxyPlot\OxyPlot.WindowsForms\OxyPlot.WindowsForms.csproj", "{D4554296-094E-4CAC-8EAE-44EB250666C6}"
EndProject
Project("{2150E333-8FDC-42A3-9474-1A3956D46DE8}") = "Controls", "Controls", "{23F54DBD-8998-4E22-A4E4-60F4F77F9B65}"
EndProject
Project("{2150E333-8FDC-42A3-9474-1A3956D46DE8}") = "Solution Items", "Solution Items", "{BAEC1DFE-5D1E-4CDB-8264-6C85B229D812}"
	ProjectSection(SolutionItems) = preProject
		.editorconfig = .editorconfig
	EndProjectSection
EndProject
Global
	GlobalSection(SolutionConfigurationPlatforms) = preSolution
		Debug|Any CPU = Debug|Any CPU
		Release|Any CPU = Release|Any CPU
	EndGlobalSection
	GlobalSection(ProjectConfigurationPlatforms) = postSolution
		{B0397530-545A-471D-BB74-027AE456DF1A}.Debug|Any CPU.ActiveCfg = Debug|Any CPU
		{B0397530-545A-471D-BB74-027AE456DF1A}.Debug|Any CPU.Build.0 = Debug|Any CPU
		{B0397530-545A-471D-BB74-027AE456DF1A}.Release|Any CPU.ActiveCfg = Release|Any CPU
		{B0397530-545A-471D-BB74-027AE456DF1A}.Release|Any CPU.Build.0 = Release|Any CPU
		{F5E0C1F7-9E9B-46F2-AC88-8C9C1C923880}.Debug|Any CPU.ActiveCfg = Debug|Any CPU
		{F5E0C1F7-9E9B-46F2-AC88-8C9C1C923880}.Debug|Any CPU.Build.0 = Debug|Any CPU
		{F5E0C1F7-9E9B-46F2-AC88-8C9C1C923880}.Release|Any CPU.ActiveCfg = Release|Any CPU
		{F5E0C1F7-9E9B-46F2-AC88-8C9C1C923880}.Release|Any CPU.Build.0 = Release|Any CPU
		{E73BB233-D88B-44A7-A98F-D71EE158381D}.Debug|Any CPU.ActiveCfg = Debug|Any CPU
		{E73BB233-D88B-44A7-A98F-D71EE158381D}.Debug|Any CPU.Build.0 = Debug|Any CPU
		{E73BB233-D88B-44A7-A98F-D71EE158381D}.Release|Any CPU.ActiveCfg = Release|Any CPU
		{E73BB233-D88B-44A7-A98F-D71EE158381D}.Release|Any CPU.Build.0 = Release|Any CPU
		{BCC43E58-E473-403E-A84D-63FEDC723040}.Debug|Any CPU.ActiveCfg = Debug|Any CPU
		{BCC43E58-E473-403E-A84D-63FEDC723040}.Debug|Any CPU.Build.0 = Debug|Any CPU
		{BCC43E58-E473-403E-A84D-63FEDC723040}.Release|Any CPU.ActiveCfg = Release|Any CPU
		{BCC43E58-E473-403E-A84D-63FEDC723040}.Release|Any CPU.Build.0 = Release|Any CPU
		{D4554296-094E-4CAC-8EAE-44EB250666C6}.Debug|Any CPU.ActiveCfg = Debug|Any CPU
		{D4554296-094E-4CAC-8EAE-44EB250666C6}.Debug|Any CPU.Build.0 = Debug|Any CPU
		{D4554296-094E-4CAC-8EAE-44EB250666C6}.Release|Any CPU.ActiveCfg = Release|Any CPU
		{D4554296-094E-4CAC-8EAE-44EB250666C6}.Release|Any CPU.Build.0 = Release|Any CPU
	EndGlobalSection
	GlobalSection(SolutionProperties) = preSolution
		HideSolutionNode = FALSE
	EndGlobalSection
	GlobalSection(NestedProjects) = preSolution
		{E73BB233-D88B-44A7-A98F-D71EE158381D} = {23F54DBD-8998-4E22-A4E4-60F4F77F9B65}
		{BCC43E58-E473-403E-A84D-63FEDC723040} = {23F54DBD-8998-4E22-A4E4-60F4F77F9B65}
		{D4554296-094E-4CAC-8EAE-44EB250666C6} = {23F54DBD-8998-4E22-A4E4-60F4F77F9B65}
	EndGlobalSection
	GlobalSection(ExtensibilityGlobals) = postSolution
		SolutionGuid = {6A8EF661-2BD7-498F-8FB9-28182B3B0BE5}
	EndGlobalSection
	GlobalSection(MonoDevelopProperties) = preSolution
		StartupItem = OpenHardwareMonitor.csproj
		Policies = $0
		$0.DotNetNamingPolicy = $1
		$1.DirectoryNamespaceAssociation = None
		$1.ResourceNamePolicy = FileFormatDefault
		$0.TextStylePolicy = $3
		$2.FileWidth = 120
		$2.TabWidth = 2
		$2.NoTabsAfterNonTabs = True
		$2.inheritsSet = VisualStudio
		$2.inheritsScope = text/plain
		$2.scope = text/plain
		$3.inheritsSet = null
		$3.scope = text/x-csharp
		$0.CSharpFormattingPolicy = $4
		$4.inheritsSet = Mono
		$4.inheritsScope = text/x-csharp
		$4.scope = text/x-csharp
	EndGlobalSection
EndGlobal
