
Microsoft Visual Studio Solution File, Format Version 12.00
# Visual Studio Version 17
VisualStudioVersion = 17.4.32804.182
MinimumVisualStudioVersion = 10.0.40219.1
Project("{9A19103F-16F7-4668-BE54-9A1E7A4F7556}") = "OpenHardwareMonitorLib", "OpenHardwareMonitorLib\OpenHardwareMonitorLib.csproj", "{B0397530-545A-471D-BB74-027AE456DF1A}"
EndProject
Project("{9A19103F-16F7-4668-BE54-9A1E7A4F7556}") = "OpenHardwareMonitor", "OpenHardwareMonitor\OpenHardwareMonitor.csproj", "{F5E0C1F7-9E9B-46F2-AC88-8C9C1C923880}"
	ProjectSection(ProjectDependencies) = postProject
		{B0397530-545A-471D-BB74-027AE456DF1A} = {B0397530-545A-471D-BB74-027AE456DF1A}
	EndProjectSection
EndProject
Project("{2150E333-8FDC-42A3-9474-1A3956D46DE8}") = "Solution Items", "Solution Items", "{F8FB5D14-2337-4E78-9333-90BE9A8E8F47}"
	ProjectSection(SolutionItems) = preProject
		.editorconfig = .editorconfig
	EndProjectSection
EndProject
Project("{9A19103F-16F7-4668-BE54-9A1E7A4F7556}") = "OpenHardwareMonitorReport", "OpenHardwareMonitorReport\OpenHardwareMonitorReport.csproj", "{C0FE1C8B-3D85-4FA9-9343-547AD5DFAFFF}"
EndProject
Project("{9A19103F-16F7-4668-BE54-9A1E7A4F7556}") = "Aga.Controls", "External\treeviewadv\Aga.Controls\Aga.Controls.csproj", "{E18261A4-D3F0-4778-B768-97DEA0F2F917}"
EndProject
Project("{9A19103F-16F7-4668-BE54-9A1E7A4F7556}") = "Aga.Controls.UnitTests", "External\treeviewadv\UnitTests\Aga.Controls.UnitTests.csproj", "{F74BBDC5-A90C-438B-A6C2-347B49398FDB}"
EndProject
Global
	GlobalSection(SolutionConfigurationPlatforms) = preSolution
		Debug|Any CPU = Debug|Any CPU
		Debug|x86 = Debug|x86
		Release|Any CPU = Release|Any CPU
		Release|x86 = Release|x86
	EndGlobalSection
	GlobalSection(ProjectConfigurationPlatforms) = postSolution
		{B0397530-545A-471D-BB74-027AE456DF1A}.Debug|Any CPU.ActiveCfg = Debug|Any CPU
		{B0397530-545A-471D-BB74-027AE456DF1A}.Debug|Any CPU.Build.0 = Debug|Any CPU
		{B0397530-545A-471D-BB74-027AE456DF1A}.Debug|x86.ActiveCfg = Debug|Any CPU
		{B0397530-545A-471D-BB74-027AE456DF1A}.Debug|x86.Build.0 = Debug|Any CPU
		{B0397530-545A-471D-BB74-027AE456DF1A}.Release|Any CPU.ActiveCfg = Release|Any CPU
		{B0397530-545A-471D-BB74-027AE456DF1A}.Release|Any CPU.Build.0 = Release|Any CPU
		{B0397530-545A-471D-BB74-027AE456DF1A}.Release|x86.ActiveCfg = Release|Any CPU
		{B0397530-545A-471D-BB74-027AE456DF1A}.Release|x86.Build.0 = Release|Any CPU
		{F5E0C1F7-9E9B-46F2-AC88-8C9C1C923880}.Debug|Any CPU.ActiveCfg = Debug|Any CPU
		{F5E0C1F7-9E9B-46F2-AC88-8C9C1C923880}.Debug|Any CPU.Build.0 = Debug|Any CPU
		{F5E0C1F7-9E9B-46F2-AC88-8C9C1C923880}.Debug|x86.ActiveCfg = Debug|Any CPU
		{F5E0C1F7-9E9B-46F2-AC88-8C9C1C923880}.Debug|x86.Build.0 = Debug|Any CPU
		{F5E0C1F7-9E9B-46F2-AC88-8C9C1C923880}.Release|Any CPU.ActiveCfg = Release|Any CPU
		{F5E0C1F7-9E9B-46F2-AC88-8C9C1C923880}.Release|Any CPU.Build.0 = Release|Any CPU
		{F5E0C1F7-9E9B-46F2-AC88-8C9C1C923880}.Release|x86.ActiveCfg = Release|Any CPU
		{F5E0C1F7-9E9B-46F2-AC88-8C9C1C923880}.Release|x86.Build.0 = Release|Any CPU
		{C0FE1C8B-3D85-4FA9-9343-547AD5DFAFFF}.Debug|Any CPU.ActiveCfg = Debug|Any CPU
		{C0FE1C8B-3D85-4FA9-9343-547AD5DFAFFF}.Debug|Any CPU.Build.0 = Debug|Any CPU
		{C0FE1C8B-3D85-4FA9-9343-547AD5DFAFFF}.Debug|x86.ActiveCfg = Debug|x86
		{C0FE1C8B-3D85-4FA9-9343-547AD5DFAFFF}.Debug|x86.Build.0 = Debug|x86
		{C0FE1C8B-3D85-4FA9-9343-547AD5DFAFFF}.Release|Any CPU.ActiveCfg = Release|Any CPU
		{C0FE1C8B-3D85-4FA9-9343-547AD5DFAFFF}.Release|Any CPU.Build.0 = Release|Any CPU
		{C0FE1C8B-3D85-4FA9-9343-547AD5DFAFFF}.Release|x86.ActiveCfg = Release|x86
		{C0FE1C8B-3D85-4FA9-9343-547AD5DFAFFF}.Release|x86.Build.0 = Release|x86
		{E18261A4-D3F0-4778-B768-97DEA0F2F917}.Debug|Any CPU.ActiveCfg = Debug|Any CPU
		{E18261A4-D3F0-4778-B768-97DEA0F2F917}.Debug|Any CPU.Build.0 = Debug|Any CPU
		{E18261A4-D3F0-4778-B768-97DEA0F2F917}.Debug|x86.ActiveCfg = Debug|Any CPU
		{E18261A4-D3F0-4778-B768-97DEA0F2F917}.Debug|x86.Build.0 = Debug|Any CPU
		{E18261A4-D3F0-4778-B768-97DEA0F2F917}.Release|Any CPU.ActiveCfg = Release|Any CPU
		{E18261A4-D3F0-4778-B768-97DEA0F2F917}.Release|Any CPU.Build.0 = Release|Any CPU
		{E18261A4-D3F0-4778-B768-97DEA0F2F917}.Release|x86.ActiveCfg = Release|Any CPU
		{E18261A4-D3F0-4778-B768-97DEA0F2F917}.Release|x86.Build.0 = Release|Any CPU
		{F74BBDC5-A90C-438B-A6C2-347B49398FDB}.Debug|Any CPU.ActiveCfg = Debug|Any CPU
		{F74BBDC5-A90C-438B-A6C2-347B49398FDB}.Debug|Any CPU.Build.0 = Debug|Any CPU
		{F74BBDC5-A90C-438B-A6C2-347B49398FDB}.Debug|x86.ActiveCfg = Debug|Any CPU
		{F74BBDC5-A90C-438B-A6C2-347B49398FDB}.Debug|x86.Build.0 = Debug|Any CPU
		{F74BBDC5-A90C-438B-A6C2-347B49398FDB}.Release|Any CPU.ActiveCfg = Release|Any CPU
		{F74BBDC5-A90C-438B-A6C2-347B49398FDB}.Release|Any CPU.Build.0 = Release|Any CPU
		{F74BBDC5-A90C-438B-A6C2-347B49398FDB}.Release|x86.ActiveCfg = Release|Any CPU
		{F74BBDC5-A90C-438B-A6C2-347B49398FDB}.Release|x86.Build.0 = Release|Any CPU
	EndGlobalSection
	GlobalSection(SolutionProperties) = preSolution
		HideSolutionNode = FALSE
	EndGlobalSection
	GlobalSection(ExtensibilityGlobals) = postSolution
		SolutionGuid = {0DCCC854-BBF2-40AC-81A2-10387E4E2868}
	EndGlobalSection
	GlobalSection(MonoDevelopProperties) = preSolution
		StartupItem = OpenHardwareMonitor.csproj
		Policies = $0
		$0.DotNetNamingPolicy = $1
		$1.DirectoryNamespaceAssociation = None
		$1.ResourceNamePolicy = FileFormatDefault
		$0.TextStylePolicy = $3
		$2.FileWidth = 120
		$2.TabWidth = 2
		$2.NoTabsAfterNonTabs = True
		$2.inheritsSet = VisualStudio
		$2.inheritsScope = text/plain
		$2.scope = text/plain
		$3.inheritsSet = null
		$3.scope = text/x-csharp
		$0.CSharpFormattingPolicy = $4
		$4.inheritsSet = Mono
		$4.inheritsScope = text/x-csharp
		$4.scope = text/x-csharp
	EndGlobalSection
EndGlobal
