
Microsoft Visual Studio Solution File, Format Version 11.00
# Visual Studio 2010
Project("{FAE04EC0-301F-11D3-BF4B-00C04F79EFBC}") = "OpenHardwareMonitorLib", "OpenHardwareMonitorLib.csproj", "{B0397530-545A-471D-BB74-027AE456DF1A}"
EndProject
Project("{FAE04EC0-301F-11D3-BF4B-00C04F79EFBC}") = "OpenHardwareMonitor", "OpenHardwareMonitor.csproj", "{F5E0C1F7-9E9B-46F2-AC88-8C9C1C923880}"
	ProjectSection(ProjectDependencies) = postProject
		{B0397530-545A-471D-BB74-027AE456DF1A} = {B0397530-545A-471D-BB74-027AE456DF1A}
	EndProjectSection
EndProject
Project("{FAE04EC0-301F-11D3-BF4B-00C04F79EFBC}") = "OpenHardwareMonitorReport", "OpenHardwareMonitorReport.csproj", "{C0FE1C8B-3D85-4FA9-9343-547AD5DFAFFF}"
	ProjectSection(ProjectDependencies) = postProject
		{B0397530-545A-471D-BB74-027AE456DF1A} = {B0397530-545A-471D-BB74-027AE456DF1A}
	EndProjectSection
EndProject
Global
	GlobalSection(SolutionConfigurationPlatforms) = preSolution
		Debug|Any CPU = Debug|Any CPU
		Debug|Mixed Platforms = Debug|Mixed Platforms
		Debug|x86 = Debug|x86
		Release|Any CPU = Release|Any CPU
		Release|Mixed Platforms = Release|Mixed Platforms
		Release|x86 = Release|x86
	EndGlobalSection
	GlobalSection(ProjectConfigurationPlatforms) = postSolution
		{B0397530-545A-471D-BB74-027AE456DF1A}.Debug|Any CPU.ActiveCfg = Debug|Any CPU
		{B0397530-545A-471D-BB74-027AE456DF1A}.Debug|Any CPU.Build.0 = Debug|Any CPU
		{B0397530-545A-471D-BB74-027AE456DF1A}.Debug|Mixed Platforms.ActiveCfg = Debug|Any CPU
		{B0397530-545A-471D-BB74-027AE456DF1A}.Debug|Mixed Platforms.Build.0 = Debug|Any CPU
		{B0397530-545A-471D-BB74-027AE456DF1A}.Debug|x86.ActiveCfg = Debug|Any CPU
		{B0397530-545A-471D-BB74-027AE456DF1A}.Release|Any CPU.ActiveCfg = Release|Any CPU
		{B0397530-545A-471D-BB74-027AE456DF1A}.Release|Any CPU.Build.0 = Release|Any CPU
		{B0397530-545A-471D-BB74-027AE456DF1A}.Release|Mixed Platforms.ActiveCfg = Release|Any CPU
		{B0397530-545A-471D-BB74-027AE456DF1A}.Release|Mixed Platforms.Build.0 = Release|Any CPU
		{B0397530-545A-471D-BB74-027AE456DF1A}.Release|x86.ActiveCfg = Release|Any CPU
		{F5E0C1F7-9E9B-46F2-AC88-8C9C1C923880}.Debug|Any CPU.ActiveCfg = Debug|Any CPU
		{F5E0C1F7-9E9B-46F2-AC88-8C9C1C923880}.Debug|Any CPU.Build.0 = Debug|Any CPU
		{F5E0C1F7-9E9B-46F2-AC88-8C9C1C923880}.Debug|Mixed Platforms.ActiveCfg = Debug|Any CPU
		{F5E0C1F7-9E9B-46F2-AC88-8C9C1C923880}.Debug|Mixed Platforms.Build.0 = Debug|Any CPU
		{F5E0C1F7-9E9B-46F2-AC88-8C9C1C923880}.Debug|x86.ActiveCfg = Debug|Any CPU
		{F5E0C1F7-9E9B-46F2-AC88-8C9C1C923880}.Release|Any CPU.ActiveCfg = Release|Any CPU
		{F5E0C1F7-9E9B-46F2-AC88-8C9C1C923880}.Release|Any CPU.Build.0 = Release|Any CPU
		{F5E0C1F7-9E9B-46F2-AC88-8C9C1C923880}.Release|Mixed Platforms.ActiveCfg = Release|Any CPU
		{F5E0C1F7-9E9B-46F2-AC88-8C9C1C923880}.Release|Mixed Platforms.Build.0 = Release|Any CPU
		{F5E0C1F7-9E9B-46F2-AC88-8C9C1C923880}.Release|x86.ActiveCfg = Release|Any CPU
		{C0FE1C8B-3D85-4FA9-9343-547AD5DFAFFF}.Debug|Any CPU.ActiveCfg = Debug|x86
		{C0FE1C8B-3D85-4FA9-9343-547AD5DFAFFF}.Debug|Mixed Platforms.ActiveCfg = Debug|x86
		{C0FE1C8B-3D85-4FA9-9343-547AD5DFAFFF}.Debug|Mixed Platforms.Build.0 = Debug|x86
		{C0FE1C8B-3D85-4FA9-9343-547AD5DFAFFF}.Debug|x86.ActiveCfg = Debug|x86
		{C0FE1C8B-3D85-4FA9-9343-547AD5DFAFFF}.Debug|x86.Build.0 = Debug|x86
		{C0FE1C8B-3D85-4FA9-9343-547AD5DFAFFF}.Release|Any CPU.ActiveCfg = Release|x86
		{C0FE1C8B-3D85-4FA9-9343-547AD5DFAFFF}.Release|Mixed Platforms.ActiveCfg = Release|x86
		{C0FE1C8B-3D85-4FA9-9343-547AD5DFAFFF}.Release|Mixed Platforms.Build.0 = Release|x86
		{C0FE1C8B-3D85-4FA9-9343-547AD5DFAFFF}.Release|x86.ActiveCfg = Release|x86
		{C0FE1C8B-3D85-4FA9-9343-547AD5DFAFFF}.Release|x86.Build.0 = Release|x86
	EndGlobalSection
	GlobalSection(SolutionProperties) = preSolution
		HideSolutionNode = FALSE
	EndGlobalSection
	GlobalSection(MonoDevelopProperties) = preSolution
		StartupItem = OpenHardwareMonitor.csproj
		Policies = $0
		$0.DotNetNamingPolicy = $1
		$1.DirectoryNamespaceAssociation = None
		$1.ResourceNamePolicy = FileFormatDefault
		$0.TextStylePolicy = $2
		$2.FileWidth = 120
		$2.TabWidth = 2
		$2.NoTabsAfterNonTabs = True
		$2.inheritsSet = VisualStudio
		$2.inheritsScope = text/plain
		$2.scope = text/plain
		$0.TextStylePolicy = $3
		$3.inheritsSet = null
		$3.scope = text/x-csharp
		$0.CSharpFormattingPolicy = $4
		$4.inheritsSet = Mono
		$4.inheritsScope = text/x-csharp
		$4.scope = text/x-csharp
	EndGlobalSection
EndGlobal
