
Microsoft Visual Studio Solution File, Format Version 11.00
# Visual Studio 2010
Project("{FAE04EC0-301F-11D3-BF4B-00C04F79EFBC}") = "OxyPlot", "OxyPlot\OxyPlot.csproj", "{BCC43E58-E473-403E-A84D-63FEDC723040}"
EndProject
Project("{FAE04EC0-301F-11D3-BF4B-00C04F79EFBC}") = "OxyPlot.WindowsForms", "OxyPlot.WindowsForms\OxyPlot.WindowsForms.csproj", "{D4554296-094E-4CAC-8EAE-44EB250666C6}"
EndProject
Global
	GlobalSection(SolutionConfigurationPlatforms) = preSolution
		Debug|Any CPU = Debug|Any CPU
		Release|Any CPU = Release|Any CPU
	EndGlobalSection
	GlobalSection(ProjectConfigurationPlatforms) = postSolution
		{BCC43E58-E473-403E-A84D-63FEDC723040}.Debug|Any CPU.ActiveCfg = Debug|Any CPU
		{BCC43E58-E473-403E-A84D-63FEDC723040}.Debug|Any CPU.Build.0 = Debug|Any CPU
		{BCC43E58-E473-403E-A84D-63FEDC723040}.Release|Any CPU.ActiveCfg = Release|Any CPU
		{BCC43E58-E473-403E-A84D-63FEDC723040}.Release|Any CPU.Build.0 = Release|Any CPU
		{D4554296-094E-4CAC-8EAE-44EB250666C6}.Debug|Any CPU.ActiveCfg = Debug|Any CPU
		{D4554296-094E-4CAC-8EAE-44EB250666C6}.Debug|Any CPU.Build.0 = Debug|Any CPU
		{D4554296-094E-4CAC-8EAE-44EB250666C6}.Release|Any CPU.ActiveCfg = Release|Any CPU
		{D4554296-094E-4CAC-8EAE-44EB250666C6}.Release|Any CPU.Build.0 = Release|Any CPU
	EndGlobalSection
	GlobalSection(SolutionProperties) = preSolution
		HideSolutionNode = FALSE
	EndGlobalSection
EndGlobal
